
Microsoft Visual Studio Solution File, Format Version 12.00
# Visual Studio 2013
VisualStudioVersion = 12.0.31101.0
MinimumVisualStudioVersion = 10.0.40219.1
Project("{2150E333-8FDC-42A3-9474-1A3956D46DE8}") = "Engine", "Engine", "{208127A3-9CAA-4C32-A533-E5D5114D413C}"
EndProject
Project("{2150E333-8FDC-42A3-9474-1A3956D46DE8}") = "Games", "Games", "{6D2A6B2E-C9EA-45A3-97EA-63BD83675101}"
EndProject
Project("{8BC9CEB8-8B4A-11D0-8D11-00A0C91BC942}") = "ArenaMastersOnline", "Intermediate\ProjectFiles\ArenaMastersOnline.vcxproj", "{4A27B127-FFDB-4CE2-97F5-69389418644F}"
EndProject
Project("{8BC9CEB8-8B4A-11D0-8D11-00A0C91BC942}") = "UE4", "Intermediate\ProjectFiles\UE4.vcxproj", "{7F48C702-38DB-4F57-BF1E-8D83918699A7}"
EndProject
Global
	GlobalSection(SolutionConfigurationPlatforms) = preSolution
		DebugGame Editor|Win32 = DebugGame Editor|Win32
		DebugGame Editor|Win64 = DebugGame Editor|Win64
		DebugGame|Win32 = DebugGame|Win32
		DebugGame|Win64 = DebugGame|Win64
		Development Editor|Win32 = Development Editor|Win32
		Development Editor|Win64 = Development Editor|Win64
		Development|Win32 = Development|Win32
		Development|Win64 = Development|Win64
		Shipping|Win32 = Shipping|Win32
		Shipping|Win64 = Shipping|Win64
	EndGlobalSection
	GlobalSection(ProjectConfigurationPlatforms) = postSolution
		{4A27B127-FFDB-4CE2-97F5-69389418644F}.DebugGame Editor|Win32.ActiveCfg = Development_Game|x64
		{4A27B127-FFDB-4CE2-97F5-69389418644F}.DebugGame Editor|Win64.ActiveCfg = DebugGame_Editor|x64
		{4A27B127-FFDB-4CE2-97F5-69389418644F}.DebugGame Editor|Win64.Build.0 = DebugGame_Editor|x64
		{4A27B127-FFDB-4CE2-97F5-69389418644F}.DebugGame|Win32.ActiveCfg = DebugGame_Game|Win32
		{4A27B127-FFDB-4CE2-97F5-69389418644F}.DebugGame|Win32.Build.0 = DebugGame_Game|Win32
		{4A27B127-FFDB-4CE2-97F5-69389418644F}.DebugGame|Win64.ActiveCfg = DebugGame_Game|x64
		{4A27B127-FFDB-4CE2-97F5-69389418644F}.DebugGame|Win64.Build.0 = DebugGame_Game|x64
		{4A27B127-FFDB-4CE2-97F5-69389418644F}.Development Editor|Win32.ActiveCfg = Development_Game|x64
		{4A27B127-FFDB-4CE2-97F5-69389418644F}.Development Editor|Win64.ActiveCfg = Development_Editor|x64
		{4A27B127-FFDB-4CE2-97F5-69389418644F}.Development Editor|Win64.Build.0 = Development_Editor|x64
		{4A27B127-FFDB-4CE2-97F5-69389418644F}.Development|Win32.ActiveCfg = Development_Game|Win32
		{4A27B127-FFDB-4CE2-97F5-69389418644F}.Development|Win32.Build.0 = Development_Game|Win32
		{4A27B127-FFDB-4CE2-97F5-69389418644F}.Development|Win64.ActiveCfg = Development_Game|x64
		{4A27B127-FFDB-4CE2-97F5-69389418644F}.Development|Win64.Build.0 = Development_Game|x64
		{4A27B127-FFDB-4CE2-97F5-69389418644F}.Shipping|Win32.ActiveCfg = Shipping_Game|Win32
		{4A27B127-FFDB-4CE2-97F5-69389418644F}.Shipping|Win32.Build.0 = Shipping_Game|Win32
		{4A27B127-FFDB-4CE2-97F5-69389418644F}.Shipping|Win64.ActiveCfg = Shipping_Game|x64
		{4A27B127-FFDB-4CE2-97F5-69389418644F}.Shipping|Win64.Build.0 = Shipping_Game|x64
		{7F48C702-38DB-4F57-BF1E-8D83918699A7}.DebugGame Editor|Win32.ActiveCfg = BuiltWithUnrealBuildTool|Win32
		{7F48C702-38DB-4F57-BF1E-8D83918699A7}.DebugGame Editor|Win32.Build.0 = BuiltWithUnrealBuildTool|Win32
		{7F48C702-38DB-4F57-BF1E-8D83918699A7}.DebugGame Editor|Win64.ActiveCfg = BuiltWithUnrealBuildTool|Win32
		{7F48C702-38DB-4F57-BF1E-8D83918699A7}.DebugGame|Win32.ActiveCfg = BuiltWithUnrealBuildTool|Win32
		{7F48C702-38DB-4F57-BF1E-8D83918699A7}.DebugGame|Win32.Build.0 = BuiltWithUnrealBuildTool|Win32
		{7F48C702-38DB-4F57-BF1E-8D83918699A7}.DebugGame|Win64.ActiveCfg = BuiltWithUnrealBuildTool|Win32
		{7F48C702-38DB-4F57-BF1E-8D83918699A7}.Development Editor|Win32.ActiveCfg = BuiltWithUnrealBuildTool|Win32
		{7F48C702-38DB-4F57-BF1E-8D83918699A7}.Development Editor|Win32.Build.0 = BuiltWithUnrealBuildTool|Win32
		{7F48C702-38DB-4F57-BF1E-8D83918699A7}.Development Editor|Win64.ActiveCfg = BuiltWithUnrealBuildTool|Win32
		{7F48C702-38DB-4F57-BF1E-8D83918699A7}.Development|Win32.ActiveCfg = BuiltWithUnrealBuildTool|Win32
		{7F48C702-38DB-4F57-BF1E-8D83918699A7}.Development|Win32.Build.0 = BuiltWithUnrealBuildTool|Win32
		{7F48C702-38DB-4F57-BF1E-8D83918699A7}.Development|Win64.ActiveCfg = BuiltWithUnrealBuildTool|Win32
		{7F48C702-38DB-4F57-BF1E-8D83918699A7}.Shipping|Win32.ActiveCfg = BuiltWithUnrealBuildTool|Win32
		{7F48C702-38DB-4F57-BF1E-8D83918699A7}.Shipping|Win32.Build.0 = BuiltWithUnrealBuildTool|Win32
		{7F48C702-38DB-4F57-BF1E-8D83918699A7}.Shipping|Win64.ActiveCfg = BuiltWithUnrealBuildTool|Win32
	EndGlobalSection
	GlobalSection(SolutionProperties) = preSolution
		HideSolutionNode = FALSE
	EndGlobalSection
	GlobalSection(NestedProjects) = preSolution
		{4A27B127-FFDB-4CE2-97F5-69389418644F} = {6D2A6B2E-C9EA-45A3-97EA-63BD83675101}
		{7F48C702-38DB-4F57-BF1E-8D83918699A7} = {208127A3-9CAA-4C32-A533-E5D5114D413C}
	EndGlobalSection
EndGlobal
